
Microsoft Visual Studio Solution File, Format Version 12.00
# Visual Studio Version 16
VisualStudioVersion = 16.0.31515.178
MinimumVisualStudioVersion = 10.0.40219.1
Project("{FAE04EC0-301F-11D3-BF4B-00C04F79EFBC}") = "GoogleChromePopupMaker", "GoogleChromePopupMaker\GoogleChromePopupMaker.csproj", "{D2326E99-A31B-40BC-B02A-DD55E7906CD5}"
EndProject
Global
	GlobalSection(SolutionConfigurationPlatforms) = preSolution
		Debug|Any CPU = Debug|Any CPU
		Release|Any CPU = Release|Any CPU
	EndGlobalSection
	GlobalSection(ProjectConfigurationPlatforms) = postSolution
		{D2326E99-A31B-40BC-B02A-DD55E7906CD5}.Debug|Any CPU.ActiveCfg = Debug|Any CPU
		{D2326E99-A31B-40BC-B02A-DD55E7906CD5}.Debug|Any CPU.Build.0 = Debug|Any CPU
		{D2326E99-A31B-40BC-B02A-DD55E7906CD5}.Release|Any CPU.ActiveCfg = Release|Any CPU
		{D2326E99-A31B-40BC-B02A-DD55E7906CD5}.Release|Any CPU.Build.0 = Release|Any CPU
	EndGlobalSection
	GlobalSection(SolutionProperties) = preSolution
		HideSolutionNode = FALSE
	EndGlobalSection
	GlobalSection(ExtensibilityGlobals) = postSolution
		SolutionGuid = {4B4FC97D-F2E1-4F8E-8094-C99833E86B73}
	EndGlobalSection
EndGlobal
